
Microsoft Visual Studio Solution File, Format Version 12.00
# Visual Studio Version 17
VisualStudioVersion = 17.9.34902.65
MinimumVisualStudioVersion = 10.0.40219.1
Project("{FAE04EC0-301F-11D3-BF4B-00C04F79EFBC}") = "FireFightLibrary", "FireFightLibrary.csproj", "{573C4EE0-DF7B-4ED4-941F-19F2C3217954}"
EndProject
Global
	GlobalSection(SolutionConfigurationPlatforms) = preSolution
		Debug|Any CPU = Debug|Any CPU
		Release|Any CPU = Release|Any CPU
	EndGlobalSection
	GlobalSection(ProjectConfigurationPlatforms) = postSolution
		{573C4EE0-DF7B-4ED4-941F-19F2C3217954}.Debug|Any CPU.ActiveCfg = Debug|Any CPU
		{573C4EE0-DF7B-4ED4-941F-19F2C3217954}.Debug|Any CPU.Build.0 = Debug|Any CPU
		{573C4EE0-DF7B-4ED4-941F-19F2C3217954}.Release|Any CPU.ActiveCfg = Release|Any CPU
		{573C4EE0-DF7B-4ED4-941F-19F2C3217954}.Release|Any CPU.Build.0 = Release|Any CPU
	EndGlobalSection
	GlobalSection(SolutionProperties) = preSolution
		HideSolutionNode = FALSE
	EndGlobalSection
	GlobalSection(ExtensibilityGlobals) = postSolution
		SolutionGuid = {34572E01-03AC-4474-9204-901913321D66}
	EndGlobalSection
EndGlobal
